// !$*UTF8*$!
{
	archiveVersion = 1;
	classes = {
	};
	objectVersion = 50;
	objects = {

/* Begin PBXBuildFile section */
		3A57E17D24471F22002FDBAF /* AppDelegate.swift in Sources */ = {isa = PBXBuildFile; fileRef = 3A57E17C24471F22002FDBAF /* AppDelegate.swift */; };
		3A57E17F24471F22002FDBAF /* SceneDelegate.swift in Sources */ = {isa = PBXBuildFile; fileRef = 3A57E17E24471F22002FDBAF /* SceneDelegate.swift */; };
		3A57E18124471F22002FDBAF /* HomeController.swift in Sources */ = {isa = PBXBuildFile; fileRef = 3A57E18024471F22002FDBAF /* HomeController.swift */; };
		3A57E18624471F23002FDBAF /* Assets.xcassets in Resources */ = {isa = PBXBuildFile; fileRef = 3A57E18524471F23002FDBAF /* Assets.xcassets */; };
		3A57E18924471F23002FDBAF /* LaunchScreen.storyboard in Resources */ = {isa = PBXBuildFile; fileRef = 3A57E18724471F23002FDBAF /* LaunchScreen.storyboard */; };
		3A57E19424472303002FDBAF /* VideoCell.swift in Sources */ = {isa = PBXBuildFile; fileRef = 3A57E19324472303002FDBAF /* VideoCell.swift */; };
		3A9BFD302447255400A1DDA9 /* Extensions.swift in Sources */ = {isa = PBXBuildFile; fileRef = 3A9BFD2F2447255400A1DDA9 /* Extensions.swift */; };
		3AB3B044244744F500D85F41 /* MenuBar.swift in Sources */ = {isa = PBXBuildFile; fileRef = 3AB3B043244744F500D85F41 /* MenuBar.swift */; };
		3AC6EE1124487AC400CBE4A8 /* APIService.swift in Sources */ = {isa = PBXBuildFile; fileRef = 3AC6EE1024487AC400CBE4A8 /* APIService.swift */; };
		3AC6EE13244884C300CBE4A8 /* customImageView.swift in Sources */ = {isa = PBXBuildFile; fileRef = 3AC6EE12244884C300CBE4A8 /* customImageView.swift */; };
		3AC6EE1524489A2200CBE4A8 /* SettingLauncher.swift in Sources */ = {isa = PBXBuildFile; fileRef = 3AC6EE1424489A2200CBE4A8 /* SettingLauncher.swift */; };
		3AD8FD0E2447C567005BA380 /* Video.swift in Sources */ = {isa = PBXBuildFile; fileRef = 3AD8FD0D2447C567005BA380 /* Video.swift */; };
/* End PBXBuildFile section */

/* Begin PBXFileReference section */
		3A57E17924471F22002FDBAF /* YouTube -app.app */ = {isa = PBXFileReference; explicitFileType = wrapper.application; includeInIndex = 0; path = "YouTube -app.app"; sourceTree = BUILT_PRODUCTS_DIR; };
		3A57E17C24471F22002FDBAF /* AppDelegate.swift */ = {isa = PBXFileReference; lastKnownFileType = sourcecode.swift; path = AppDelegate.swift; sourceTree = "<group>"; };
		3A57E17E24471F22002FDBAF /* SceneDelegate.swift */ = {isa = PBXFileReference; lastKnownFileType = sourcecode.swift; path = SceneDelegate.swift; sourceTree = "<group>"; };
		3A57E18024471F22002FDBAF /* HomeController.swift */ = {isa = PBXFileReference; lastKnownFileType = sourcecode.swift; path = HomeController.swift; sourceTree = "<group>"; };
		3A57E18524471F23002FDBAF /* Assets.xcassets */ = {isa = PBXFileReference; lastKnownFileType = folder.assetcatalog; path = Assets.xcassets; sourceTree = "<group>"; };
		3A57E18824471F23002FDBAF /* Base */ = {isa = PBXFileReference; lastKnownFileType = file.storyboard; name = Base; path = Base.lproj/LaunchScreen.storyboard; sourceTree = "<group>"; };
		3A57E18A24471F23002FDBAF /* Info.plist */ = {isa = PBXFileReference; lastKnownFileType = text.plist.xml; path = Info.plist; sourceTree = "<group>"; };
		3A57E19324472303002FDBAF /* VideoCell.swift */ = {isa = PBXFileReference; lastKnownFileType = sourcecode.swift; path = VideoCell.swift; sourceTree = "<group>"; };
		3A9BFD2F2447255400A1DDA9 /* Extensions.swift */ = {isa = PBXFileReference; lastKnownFileType = sourcecode.swift; path = Extensions.swift; sourceTree = "<group>"; };
		3AB3B043244744F500D85F41 /* MenuBar.swift */ = {isa = PBXFileReference; lastKnownFileType = sourcecode.swift; path = MenuBar.swift; sourceTree = "<group>"; };
		3AC6EE1024487AC400CBE4A8 /* APIService.swift */ = {isa = PBXFileReference; lastKnownFileType = sourcecode.swift; path = APIService.swift; sourceTree = "<group>"; };
		3AC6EE12244884C300CBE4A8 /* customImageView.swift */ = {isa = PBXFileReference; lastKnownFileType = sourcecode.swift; path = customImageView.swift; sourceTree = "<group>"; };
		3AC6EE1424489A2200CBE4A8 /* SettingLauncher.swift */ = {isa = PBXFileReference; lastKnownFileType = sourcecode.swift; path = SettingLauncher.swift; sourceTree = "<group>"; };
		3AD8FD0D2447C567005BA380 /* Video.swift */ = {isa = PBXFileReference; lastKnownFileType = sourcecode.swift; path = Video.swift; sourceTree = "<group>"; };
/* End PBXFileReference section */

/* Begin PBXFrameworksBuildPhase section */
		3A57E17624471F22002FDBAF /* Frameworks */ = {
			isa = PBXFrameworksBuildPhase;
			buildActionMask = 2147483647;
			files = (
			);
			runOnlyForDeploymentPostprocessing = 0;
		};
/* End PBXFrameworksBuildPhase section */

/* Begin PBXGroup section */
		3A57E17024471F22002FDBAF = {
			isa = PBXGroup;
			children = (
				3A57E17B24471F22002FDBAF /* YouTube -app */,
				3A57E17A24471F22002FDBAF /* Products */,
			);
			sourceTree = "<group>";
		};
		3A57E17A24471F22002FDBAF /* Products */ = {
			isa = PBXGroup;
			children = (
				3A57E17924471F22002FDBAF /* YouTube -app.app */,
			);
			name = Products;
			sourceTree = "<group>";
		};
		3A57E17B24471F22002FDBAF /* YouTube -app */ = {
			isa = PBXGroup;
			children = (
				3A57E17C24471F22002FDBAF /* AppDelegate.swift */,
				3A57E17E24471F22002FDBAF /* SceneDelegate.swift */,
				3A57E192244722F1002FDBAF /* Model */,
				3A57E191244722E9002FDBAF /* View */,
				3A57E190244722CF002FDBAF /* ViewController */,
				3AC6EE0F24487AAC00CBE4A8 /* API */,
				3A9BFD2E2447253E00A1DDA9 /* Helpers */,
				3A57E18524471F23002FDBAF /* Assets.xcassets */,
				3A57E18724471F23002FDBAF /* LaunchScreen.storyboard */,
				3A57E18A24471F23002FDBAF /* Info.plist */,
			);
			path = "YouTube -app";
			sourceTree = "<group>";
		};
		3A57E190244722CF002FDBAF /* ViewController */ = {
			isa = PBXGroup;
			children = (
				3A57E18024471F22002FDBAF /* HomeController.swift */,
				3AC6EE1424489A2200CBE4A8 /* SettingLauncher.swift */,
			);
			path = ViewController;
			sourceTree = "<group>";
		};
		3A57E191244722E9002FDBAF /* View */ = {
			isa = PBXGroup;
			children = (
				3A57E19324472303002FDBAF /* VideoCell.swift */,
				3AB3B043244744F500D85F41 /* MenuBar.swift */,
				3AC6EE12244884C300CBE4A8 /* customImageView.swift */,
			);
			path = View;
			sourceTree = "<group>";
		};
		3A57E192244722F1002FDBAF /* Model */ = {
			isa = PBXGroup;
			children = (
				3AD8FD0D2447C567005BA380 /* Video.swift */,
			);
			path = Model;
			sourceTree = "<group>";
		};
		3A9BFD2E2447253E00A1DDA9 /* Helpers */ = {
			isa = PBXGroup;
			children = (
				3A9BFD2F2447255400A1DDA9 /* Extensions.swift */,
			);
			path = Helpers;
			sourceTree = "<group>";
		};
		3AC6EE0F24487AAC00CBE4A8 /* API */ = {
			isa = PBXGroup;
			children = (
				3AC6EE1024487AC400CBE4A8 /* APIService.swift */,
			);
			path = API;
			sourceTree = "<group>";
		};
/* End PBXGroup section */

/* Begin PBXNativeTarget section */
		3A57E17824471F22002FDBAF /* YouTube -app */ = {
			isa = PBXNativeTarget;
			buildConfigurationList = 3A57E18D24471F23002FDBAF /* Build configuration list for PBXNativeTarget "YouTube -app" */;
			buildPhases = (
				3A57E17524471F22002FDBAF /* Sources */,
				3A57E17624471F22002FDBAF /* Frameworks */,
				3A57E17724471F22002FDBAF /* Resources */,
			);
			buildRules = (
			);
			dependencies = (
			);
			name = "YouTube -app";
			productName = "You Tube -app";
			productReference = 3A57E17924471F22002FDBAF /* YouTube -app.app */;
			productType = "com.apple.product-type.application";
		};
/* End PBXNativeTarget section */

/* Begin PBXProject section */
		3A57E17124471F22002FDBAF /* Project object */ = {
			isa = PBXProject;
			attributes = {
				LastSwiftUpdateCheck = 1140;
				LastUpgradeCheck = 1140;
				ORGANIZATIONNAME = "Yuuki sakai";
				TargetAttributes = {
					3A57E17824471F22002FDBAF = {
						CreatedOnToolsVersion = 11.4;
					};
				};
			};
			buildConfigurationList = 3A57E17424471F22002FDBAF /* Build configuration list for PBXProject "YouTube -app" */;
			compatibilityVersion = "Xcode 9.3";
			developmentRegion = en;
			hasScannedForEncodings = 0;
			knownRegions = (
				en,
				Base,
			);
			mainGroup = 3A57E17024471F22002FDBAF;
			productRefGroup = 3A57E17A24471F22002FDBAF /* Products */;
			projectDirPath = "";
			projectRoot = "";
			targets = (
				3A57E17824471F22002FDBAF /* YouTube -app */,
			);
		};
/* End PBXProject section */

/* Begin PBXResourcesBuildPhase section */
		3A57E17724471F22002FDBAF /* Resources */ = {
			isa = PBXResourcesBuildPhase;
			buildActionMask = 2147483647;
			files = (
				3A57E18924471F23002FDBAF /* LaunchScreen.storyboard in Resources */,
				3A57E18624471F23002FDBAF /* Assets.xcassets in Resources */,
			);
			runOnlyForDeploymentPostprocessing = 0;
		};
/* End PBXResourcesBuildPhase section */

/* Begin PBXSourcesBuildPhase section */
		3A57E17524471F22002FDBAF /* Sources */ = {
			isa = PBXSourcesBuildPhase;
			buildActionMask = 2147483647;
			files = (
				3A9BFD302447255400A1DDA9 /* Extensions.swift in Sources */,
				3A57E18124471F22002FDBAF /* HomeController.swift in Sources */,
				3AB3B044244744F500D85F41 /* MenuBar.swift in Sources */,
				3AC6EE13244884C300CBE4A8 /* customImageView.swift in Sources */,
				3A57E19424472303002FDBAF /* VideoCell.swift in Sources */,
				3A57E17D24471F22002FDBAF /* AppDelegate.swift in Sources */,
				3AD8FD0E2447C567005BA380 /* Video.swift in Sources */,
				3AC6EE1124487AC400CBE4A8 /* APIService.swift in Sources */,
				3AC6EE1524489A2200CBE4A8 /* SettingLauncher.swift in Sources */,
				3A57E17F24471F22002FDBAF /* SceneDelegate.swift in Sources */,
			);
			runOnlyForDeploymentPostprocessing = 0;
		};
/* End PBXSourcesBuildPhase section */

/* Begin PBXVariantGroup section */
		3A57E18724471F23002FDBAF /* LaunchScreen.storyboard */ = {
			isa = PBXVariantGroup;
			children = (
				3A57E18824471F23002FDBAF /* Base */,
			);
			name = LaunchScreen.storyboard;
			sourceTree = "<group>";
		};
/* End PBXVariantGroup section */

/* Begin XCBuildConfiguration section */
		3A57E18B24471F23002FDBAF /* Debug */ = {
			isa = XCBuildConfiguration;
			buildSettings = {
				ALWAYS_SEARCH_USER_PATHS = NO;
				CLANG_ANALYZER_NONNULL = YES;
				CLANG_ANALYZER_NUMBER_OBJECT_CONVERSION = YES_AGGRESSIVE;
				CLANG_CXX_LANGUAGE_STANDARD = "gnu++14";
				CLANG_CXX_LIBRARY = "libc++";
				CLANG_ENABLE_MODULES = YES;
				CLANG_ENABLE_OBJC_ARC = YES;
				CLANG_ENABLE_OBJC_WEAK = YES;
				CLANG_WARN_BLOCK_CAPTURE_AUTORELEASING = YES;
				CLANG_WARN_BOOL_CONVERSION = YES;
				CLANG_WARN_COMMA = YES;
				CLANG_WARN_CONSTANT_CONVERSION = YES;
				CLANG_WARN_DEPRECATED_OBJC_IMPLEMENTATIONS = YES;
				CLANG_WARN_DIRECT_OBJC_ISA_USAGE = YES_ERROR;
				CLANG_WARN_DOCUMENTATION_COMMENTS = YES;
				CLANG_WARN_EMPTY_BODY = YES;
				CLANG_WARN_ENUM_CONVERSION = YES;
				CLANG_WARN_INFINITE_RECURSION = YES;
				CLANG_WARN_INT_CONVERSION = YES;
				CLANG_WARN_NON_LITERAL_NULL_CONVERSION = YES;
				CLANG_WARN_OBJC_IMPLICIT_RETAIN_SELF = YES;
				CLANG_WARN_OBJC_LITERAL_CONVERSION = YES;
				CLANG_WARN_OBJC_ROOT_CLASS = YES_ERROR;
				CLANG_WARN_RANGE_LOOP_ANALYSIS = YES;
				CLANG_WARN_STRICT_PROTOTYPES = YES;
				CLANG_WARN_SUSPICIOUS_MOVE = YES;
				CLANG_WARN_UNGUARDED_AVAILABILITY = YES_AGGRESSIVE;
				CLANG_WARN_UNREACHABLE_CODE = YES;
				CLANG_WARN__DUPLICATE_METHOD_MATCH = YES;
				COPY_PHASE_STRIP = NO;
				DEBUG_INFORMATION_FORMAT = dwarf;
				ENABLE_STRICT_OBJC_MSGSEND = YES;
				ENABLE_TESTABILITY = YES;
				GCC_C_LANGUAGE_STANDARD = gnu11;
				GCC_DYNAMIC_NO_PIC = NO;
				GCC_NO_COMMON_BLOCKS = YES;
				GCC_OPTIMIZATION_LEVEL = 0;
				GCC_PREPROCESSOR_DEFINITIONS = (
					"DEBUG=1",
					"$(inherited)",
				);
				GCC_WARN_64_TO_32_BIT_CONVERSION = YES;
				GCC_WARN_ABOUT_RETURN_TYPE = YES_ERROR;
				GCC_WARN_UNDECLARED_SELECTOR = YES;
				GCC_WARN_UNINITIALIZED_AUTOS = YES_AGGRESSIVE;
				GCC_WARN_UNUSED_FUNCTION = YES;
				GCC_WARN_UNUSED_VARIABLE = YES;
				IPHONEOS_DEPLOYMENT_TARGET = 13.4;
				MTL_ENABLE_DEBUG_INFO = INCLUDE_SOURCE;
				MTL_FAST_MATH = YES;
				ONLY_ACTIVE_ARCH = YES;
				SDKROOT = iphoneos;
				SWIFT_ACTIVE_COMPILATION_CONDITIONS = DEBUG;
				SWIFT_OPTIMIZATION_LEVEL = "-Onone";
			};
			name = Debug;
		};
		3A57E18C24471F23002FDBAF /* Release */ = {
			isa = XCBuildConfiguration;
			buildSettings = {
				ALWAYS_SEARCH_USER_PATHS = NO;
				CLANG_ANALYZER_NONNULL = YES;
				CLANG_ANALYZER_NUMBER_OBJECT_CONVERSION = YES_AGGRESSIVE;
				CLANG_CXX_LANGUAGE_STANDARD = "gnu++14";
				CLANG_CXX_LIBRARY = "libc++";
				CLANG_ENABLE_MODULES = YES;
				CLANG_ENABLE_OBJC_ARC = YES;
				CLANG_ENABLE_OBJC_WEAK = YES;
				CLANG_WARN_BLOCK_CAPTURE_AUTORELEASING = YES;
				CLANG_WARN_BOOL_CONVERSION = YES;
				CLANG_WARN_COMMA = YES;
				CLANG_WARN_CONSTANT_CONVERSION = YES;
				CLANG_WARN_DEPRECATED_OBJC_IMPLEMENTATIONS = YES;
				CLANG_WARN_DIRECT_OBJC_ISA_USAGE = YES_ERROR;
				CLANG_WARN_DOCUMENTATION_COMMENTS = YES;
				CLANG_WARN_EMPTY_BODY = YES;
				CLANG_WARN_ENUM_CONVERSION = YES;
				CLANG_WARN_INFINITE_RECURSION = YES;
				CLANG_WARN_INT_CONVERSION = YES;
				CLANG_WARN_NON_LITERAL_NULL_CONVERSION = YES;
				CLANG_WARN_OBJC_IMPLICIT_RETAIN_SELF = YES;
				CLANG_WARN_OBJC_LITERAL_CONVERSION = YES;
				CLANG_WARN_OBJC_ROOT_CLASS = YES_ERROR;
				CLANG_WARN_RANGE_LOOP_ANALYSIS = YES;
				CLANG_WARN_STRICT_PROTOTYPES = YES;
				CLANG_WARN_SUSPICIOUS_MOVE = YES;
				CLANG_WARN_UNGUARDED_AVAILABILITY = YES_AGGRESSIVE;
				CLANG_WARN_UNREACHABLE_CODE = YES;
				CLANG_WARN__DUPLICATE_METHOD_MATCH = YES;
				COPY_PHASE_STRIP = NO;
				DEBUG_INFORMATION_FORMAT = "dwarf-with-dsym";
				ENABLE_NS_ASSERTIONS = NO;
				ENABLE_STRICT_OBJC_MSGSEND = YES;
				GCC_C_LANGUAGE_STANDARD = gnu11;
				GCC_NO_COMMON_BLOCKS = YES;
				GCC_WARN_64_TO_32_BIT_CONVERSION = YES;
				GCC_WARN_ABOUT_RETURN_TYPE = YES_ERROR;
				GCC_WARN_UNDECLARED_SELECTOR = YES;
				GCC_WARN_UNINITIALIZED_AUTOS = YES_AGGRESSIVE;
				GCC_WARN_UNUSED_FUNCTION = YES;
				GCC_WARN_UNUSED_VARIABLE = YES;
				IPHONEOS_DEPLOYMENT_TARGET = 13.4;
				MTL_ENABLE_DEBUG_INFO = NO;
				MTL_FAST_MATH = YES;
				SDKROOT = iphoneos;
				SWIFT_COMPILATION_MODE = wholemodule;
				SWIFT_OPTIMIZATION_LEVEL = "-O";
				VALIDATE_PRODUCT = YES;
			};
			name = Release;
		};
		3A57E18E24471F23002FDBAF /* Debug */ = {
			isa = XCBuildConfiguration;
			buildSettings = {
				ASSETCATALOG_COMPILER_APPICON_NAME = AppIcon;
				CODE_SIGN_STYLE = Automatic;
				DEVELOPMENT_TEAM = 4KJFNVZ8R6;
				INFOPLIST_FILE = "$(SRCROOT)/YouTube -app/Info.plist";
				LD_RUNPATH_SEARCH_PATHS = (
					"$(inherited)",
					"@executable_path/Frameworks",
				);
				PRODUCT_BUNDLE_IDENTIFIER = "mineo.jp.mac.pop.You-Tube--app";
				PRODUCT_NAME = "YouTube -app";
				SWIFT_VERSION = 5.0;
				TARGETED_DEVICE_FAMILY = 1;
			};
			name = Debug;
		};
		3A57E18F24471F23002FDBAF /* Release */ = {
			isa = XCBuildConfiguration;
			buildSettings = {
				ASSETCATALOG_COMPILER_APPICON_NAME = AppIcon;
				CODE_SIGN_STYLE = Automatic;
				DEVELOPMENT_TEAM = 4KJFNVZ8R6;
				INFOPLIST_FILE = "$(SRCROOT)/YouTube -app/Info.plist";
				LD_RUNPATH_SEARCH_PATHS = (
					"$(inherited)",
					"@executable_path/Frameworks",
				);
				PRODUCT_BUNDLE_IDENTIFIER = "mineo.jp.mac.pop.You-Tube--app";
				PRODUCT_NAME = "YouTube -app";
				SWIFT_VERSION = 5.0;
				TARGETED_DEVICE_FAMILY = 1;
			};
			name = Release;
		};
/* End XCBuildConfiguration section */

/* Begin XCConfigurationList section */
		3A57E17424471F22002FDBAF /* Build configuration list for PBXProject "YouTube -app" */ = {
			isa = XCConfigurationList;
			buildConfigurations = (
				3A57E18B24471F23002FDBAF /* Debug */,
				3A57E18C24471F23002FDBAF /* Release */,
			);
			defaultConfigurationIsVisible = 0;
			defaultConfigurationName = Release;
		};
		3A57E18D24471F23002FDBAF /* Build configuration list for PBXNativeTarget "YouTube -app" */ = {
			isa = XCConfigurationList;
			buildConfigurations = (
				3A57E18E24471F23002FDBAF /* Debug */,
				3A57E18F24471F23002FDBAF /* Release */,
			);
			defaultConfigurationIsVisible = 0;
			defaultConfigurationName = Release;
		};
/* End XCConfigurationList section */
	};
	rootObject = 3A57E17124471F22002FDBAF /* Project object */;
}
